
Microsoft Visual Studio Solution File, Format Version 12.00
# Visual Studio Version 16
VisualStudioVersion = 16.0.29806.167
MinimumVisualStudioVersion = 10.0.40219.1
Project("{9A19103F-16F7-4668-BE54-9A1E7A4F7556}") = "EntityFramework.Exceptions.Common", "EntityFramework.Exceptions.Common\EntityFramework.Exceptions.Common.csproj", "{CCEF78F9-AADE-4487-9C1D-BF179647094E}"
EndProject
Project("{9A19103F-16F7-4668-BE54-9A1E7A4F7556}") = "EntityFramework.Exceptions.SqlServer", "EntityFramework.Exceptions.SqlServer\EntityFramework.Exceptions.SqlServer.csproj", "{4509BB2B-7373-49E3-85A6-40BD79C72FAA}"
EndProject
Project("{9A19103F-16F7-4668-BE54-9A1E7A4F7556}") = "EntityFramework.Exceptions.PostgreSQL", "EntityFramework.Exceptions.PostgreSQL\EntityFramework.Exceptions.PostgreSQL.csproj", "{5D2A0BDD-6505-418C-BF0A-2741B7BF6564}"
EndProject
Project("{9A19103F-16F7-4668-BE54-9A1E7A4F7556}") = "EntityFramework.Exceptions.MySQL", "EntityFramework.Exceptions.MySQL\EntityFramework.Exceptions.MySQL.csproj", "{9B0F41DF-0B14-4948-B197-DB77444FD064}"
EndProject
Project("{9A19103F-16F7-4668-BE54-9A1E7A4F7556}") = "EntityFramework.Exceptions.Tests", "EntityFramework.Exceptions.Tests\EntityFramework.Exceptions.Tests.csproj", "{683A266C-5559-4453-A681-861EA68825BE}"
EndProject
Project("{FAE04EC0-301F-11D3-BF4B-00C04F79EFBC}") = "EntityFramework.Exceptions.Sqlite", "EntityFramework.Exceptions.Sqlite\EntityFramework.Exceptions.Sqlite.csproj", "{A46DB793-7671-4919-9DE4-4E64ADEDB38E}"
EndProject
Global
	GlobalSection(SolutionConfigurationPlatforms) = preSolution
		Debug|Any CPU = Debug|Any CPU
		Release|Any CPU = Release|Any CPU
	EndGlobalSection
	GlobalSection(ProjectConfigurationPlatforms) = postSolution
		{CCEF78F9-AADE-4487-9C1D-BF179647094E}.Debug|Any CPU.ActiveCfg = Debug|Any CPU
		{CCEF78F9-AADE-4487-9C1D-BF179647094E}.Debug|Any CPU.Build.0 = Debug|Any CPU
		{CCEF78F9-AADE-4487-9C1D-BF179647094E}.Release|Any CPU.ActiveCfg = Release|Any CPU
		{CCEF78F9-AADE-4487-9C1D-BF179647094E}.Release|Any CPU.Build.0 = Release|Any CPU
		{4509BB2B-7373-49E3-85A6-40BD79C72FAA}.Debug|Any CPU.ActiveCfg = Debug|Any CPU
		{4509BB2B-7373-49E3-85A6-40BD79C72FAA}.Debug|Any CPU.Build.0 = Debug|Any CPU
		{4509BB2B-7373-49E3-85A6-40BD79C72FAA}.Release|Any CPU.ActiveCfg = Release|Any CPU
		{4509BB2B-7373-49E3-85A6-40BD79C72FAA}.Release|Any CPU.Build.0 = Release|Any CPU
		{5D2A0BDD-6505-418C-BF0A-2741B7BF6564}.Debug|Any CPU.ActiveCfg = Debug|Any CPU
		{5D2A0BDD-6505-418C-BF0A-2741B7BF6564}.Debug|Any CPU.Build.0 = Debug|Any CPU
		{5D2A0BDD-6505-418C-BF0A-2741B7BF6564}.Release|Any CPU.ActiveCfg = Release|Any CPU
		{5D2A0BDD-6505-418C-BF0A-2741B7BF6564}.Release|Any CPU.Build.0 = Release|Any CPU
		{9B0F41DF-0B14-4948-B197-DB77444FD064}.Debug|Any CPU.ActiveCfg = Debug|Any CPU
		{9B0F41DF-0B14-4948-B197-DB77444FD064}.Debug|Any CPU.Build.0 = Debug|Any CPU
		{9B0F41DF-0B14-4948-B197-DB77444FD064}.Release|Any CPU.ActiveCfg = Release|Any CPU
		{9B0F41DF-0B14-4948-B197-DB77444FD064}.Release|Any CPU.Build.0 = Release|Any CPU
		{683A266C-5559-4453-A681-861EA68825BE}.Debug|Any CPU.ActiveCfg = Debug|Any CPU
		{683A266C-5559-4453-A681-861EA68825BE}.Debug|Any CPU.Build.0 = Debug|Any CPU
		{683A266C-5559-4453-A681-861EA68825BE}.Release|Any CPU.ActiveCfg = Release|Any CPU
		{683A266C-5559-4453-A681-861EA68825BE}.Release|Any CPU.Build.0 = Release|Any CPU
		{A46DB793-7671-4919-9DE4-4E64ADEDB38E}.Debug|Any CPU.ActiveCfg = Debug|Any CPU
		{A46DB793-7671-4919-9DE4-4E64ADEDB38E}.Debug|Any CPU.Build.0 = Debug|Any CPU
		{A46DB793-7671-4919-9DE4-4E64ADEDB38E}.Release|Any CPU.ActiveCfg = Release|Any CPU
		{A46DB793-7671-4919-9DE4-4E64ADEDB38E}.Release|Any CPU.Build.0 = Release|Any CPU
	EndGlobalSection
	GlobalSection(SolutionProperties) = preSolution
		HideSolutionNode = FALSE
	EndGlobalSection
	GlobalSection(ExtensibilityGlobals) = postSolution
		SolutionGuid = {94F8FF35-3F60-4C43-BA52-DE030FF08AD5}
	EndGlobalSection
EndGlobal
